// !$*UTF8*$!
{
	archiveVersion = 1;
	classes = {
	};
	objectVersion = 50;
	objects = {

/* Begin PBXBuildFile section */
		1928FEEC22E7855E0045E1F9 /* AppDelegate.swift in Sources */ = {isa = PBXBuildFile; fileRef = 1928FEEB22E7855E0045E1F9 /* AppDelegate.swift */; };
		1928FEEE22E7855E0045E1F9 /* ViewController.swift in Sources */ = {isa = PBXBuildFile; fileRef = 1928FEED22E7855E0045E1F9 /* ViewController.swift */; };
		1928FEF122E7855E0045E1F9 /* Main.storyboard in Resources */ = {isa = PBXBuildFile; fileRef = 1928FEEF22E7855E0045E1F9 /* Main.storyboard */; };
		1928FEF322E7855F0045E1F9 /* Assets.xcassets in Resources */ = {isa = PBXBuildFile; fileRef = 1928FEF222E7855F0045E1F9 /* Assets.xcassets */; };
		1928FEF622E7855F0045E1F9 /* LaunchScreen.storyboard in Resources */ = {isa = PBXBuildFile; fileRef = 1928FEF422E7855F0045E1F9 /* LaunchScreen.storyboard */; };
		1928FF0322E7889C0045E1F9 /* API.swift in Sources */ = {isa = PBXBuildFile; fileRef = 1928FF0222E7889C0045E1F9 /* API.swift */; };
		1928FF0622E78AB70045E1F9 /* NewsAPI.swift in Sources */ = {isa = PBXBuildFile; fileRef = 1928FF0522E78AB70045E1F9 /* NewsAPI.swift */; };
		1928FF0922E78AC30045E1F9 /* Article.swift in Sources */ = {isa = PBXBuildFile; fileRef = 1928FF0822E78AC30045E1F9 /* Article.swift */; };
		1928FF0B22E78ACA0045E1F9 /* Source.swift in Sources */ = {isa = PBXBuildFile; fileRef = 1928FF0A22E78ACA0045E1F9 /* Source.swift */; };
		19A6FC8622F120F000686EED /* Login.storyboard in Resources */ = {isa = PBXBuildFile; fileRef = 19A6FC8522F120F000686EED /* Login.storyboard */; };
		19A6FC9222F1231E00686EED /* Configuration.storyboard in Resources */ = {isa = PBXBuildFile; fileRef = 19A6FC9122F1231E00686EED /* Configuration.storyboard */; };
		19A6FC9422F1237E00686EED /* Search.storyboard in Resources */ = {isa = PBXBuildFile; fileRef = 19A6FC9322F1237E00686EED /* Search.storyboard */; };
		19A6FC9722F123DB00686EED /* FavoriteView.storyboard in Resources */ = {isa = PBXBuildFile; fileRef = 19A6FC9622F123DB00686EED /* FavoriteView.storyboard */; };
		19A6FC9B22F124D200686EED /* Home.storyboard in Resources */ = {isa = PBXBuildFile; fileRef = 19A6FC9A22F124D200686EED /* Home.storyboard */; };
		19BB51CE22E7A34300438429 /* APIManager.swift in Sources */ = {isa = PBXBuildFile; fileRef = 19BB51CD22E7A34300438429 /* APIManager.swift */; };
		3A7FD6AD793F248341C6B666 /* Pods_DigitalNews.framework in Frameworks */ = {isa = PBXBuildFile; fileRef = B421D8B2A1AD13337F18CCC3 /* Pods_DigitalNews.framework */; };
/* End PBXBuildFile section */

/* Begin PBXFileReference section */
		1928FEE822E7855E0045E1F9 /* DigitalNews.app */ = {isa = PBXFileReference; explicitFileType = wrapper.application; includeInIndex = 0; path = DigitalNews.app; sourceTree = BUILT_PRODUCTS_DIR; };
		1928FEEB22E7855E0045E1F9 /* AppDelegate.swift */ = {isa = PBXFileReference; lastKnownFileType = sourcecode.swift; path = AppDelegate.swift; sourceTree = "<group>"; };
		1928FEED22E7855E0045E1F9 /* ViewController.swift */ = {isa = PBXFileReference; lastKnownFileType = sourcecode.swift; path = ViewController.swift; sourceTree = "<group>"; };
		1928FEF022E7855E0045E1F9 /* Base */ = {isa = PBXFileReference; lastKnownFileType = file.storyboard; name = Base; path = Base.lproj/Main.storyboard; sourceTree = "<group>"; };
		1928FEF222E7855F0045E1F9 /* Assets.xcassets */ = {isa = PBXFileReference; lastKnownFileType = folder.assetcatalog; path = Assets.xcassets; sourceTree = "<group>"; };
		1928FEF522E7855F0045E1F9 /* Base */ = {isa = PBXFileReference; lastKnownFileType = file.storyboard; name = Base; path = Base.lproj/LaunchScreen.storyboard; sourceTree = "<group>"; };
		1928FEF722E7855F0045E1F9 /* Info.plist */ = {isa = PBXFileReference; lastKnownFileType = text.plist.xml; path = Info.plist; sourceTree = "<group>"; };
		1928FF0222E7889C0045E1F9 /* API.swift */ = {isa = PBXFileReference; lastKnownFileType = sourcecode.swift; path = API.swift; sourceTree = "<group>"; };
		1928FF0522E78AB70045E1F9 /* NewsAPI.swift */ = {isa = PBXFileReference; lastKnownFileType = sourcecode.swift; path = NewsAPI.swift; sourceTree = "<group>"; };
		1928FF0822E78AC30045E1F9 /* Article.swift */ = {isa = PBXFileReference; lastKnownFileType = sourcecode.swift; path = Article.swift; sourceTree = "<group>"; };
		1928FF0A22E78ACA0045E1F9 /* Source.swift */ = {isa = PBXFileReference; lastKnownFileType = sourcecode.swift; path = Source.swift; sourceTree = "<group>"; };
		19A6FC8522F120F000686EED /* Login.storyboard */ = {isa = PBXFileReference; lastKnownFileType = file.storyboard; path = Login.storyboard; sourceTree = "<group>"; };
		19A6FC9122F1231E00686EED /* Configuration.storyboard */ = {isa = PBXFileReference; fileEncoding = 4; lastKnownFileType = file.storyboard; path = Configuration.storyboard; sourceTree = "<group>"; };
		19A6FC9322F1237E00686EED /* Search.storyboard */ = {isa = PBXFileReference; fileEncoding = 4; lastKnownFileType = file.storyboard; path = Search.storyboard; sourceTree = "<group>"; };
		19A6FC9622F123DB00686EED /* FavoriteView.storyboard */ = {isa = PBXFileReference; fileEncoding = 4; lastKnownFileType = file.storyboard; path = FavoriteView.storyboard; sourceTree = "<group>"; };
		19A6FC9A22F124D200686EED /* Home.storyboard */ = {isa = PBXFileReference; fileEncoding = 4; lastKnownFileType = file.storyboard; path = Home.storyboard; sourceTree = "<group>"; };
		19BB51CD22E7A34300438429 /* APIManager.swift */ = {isa = PBXFileReference; lastKnownFileType = sourcecode.swift; path = APIManager.swift; sourceTree = "<group>"; };
		B2D569F8E3B4D4B08E733FD4 /* Pods-DigitalNews.debug.xcconfig */ = {isa = PBXFileReference; includeInIndex = 1; lastKnownFileType = text.xcconfig; name = "Pods-DigitalNews.debug.xcconfig"; path = "Pods/Target Support Files/Pods-DigitalNews/Pods-DigitalNews.debug.xcconfig"; sourceTree = "<group>"; };
		B421D8B2A1AD13337F18CCC3 /* Pods_DigitalNews.framework */ = {isa = PBXFileReference; explicitFileType = wrapper.framework; includeInIndex = 0; path = Pods_DigitalNews.framework; sourceTree = BUILT_PRODUCTS_DIR; };
		FB5FCCD80BC6CF9BCD85502E /* Pods-DigitalNews.release.xcconfig */ = {isa = PBXFileReference; includeInIndex = 1; lastKnownFileType = text.xcconfig; name = "Pods-DigitalNews.release.xcconfig"; path = "Pods/Target Support Files/Pods-DigitalNews/Pods-DigitalNews.release.xcconfig"; sourceTree = "<group>"; };
/* End PBXFileReference section */

/* Begin PBXFrameworksBuildPhase section */
		1928FEE522E7855E0045E1F9 /* Frameworks */ = {
			isa = PBXFrameworksBuildPhase;
			buildActionMask = 2147483647;
			files = (
				3A7FD6AD793F248341C6B666 /* Pods_DigitalNews.framework in Frameworks */,
			);
			runOnlyForDeploymentPostprocessing = 0;
		};
/* End PBXFrameworksBuildPhase section */

/* Begin PBXGroup section */
		0361E836664EBE60EA3A98C7 /* Pods */ = {
			isa = PBXGroup;
			children = (
				B2D569F8E3B4D4B08E733FD4 /* Pods-DigitalNews.debug.xcconfig */,
				FB5FCCD80BC6CF9BCD85502E /* Pods-DigitalNews.release.xcconfig */,
			);
			name = Pods;
			sourceTree = "<group>";
		};
		1928FEDF22E7855E0045E1F9 = {
			isa = PBXGroup;
			children = (
				1928FEEA22E7855E0045E1F9 /* DigitalNews */,
				1928FEE922E7855E0045E1F9 /* Products */,
				0361E836664EBE60EA3A98C7 /* Pods */,
				82B9BB849F555689B532115D /* Frameworks */,
			);
			sourceTree = "<group>";
		};
		1928FEE922E7855E0045E1F9 /* Products */ = {
			isa = PBXGroup;
			children = (
				1928FEE822E7855E0045E1F9 /* DigitalNews.app */,
			);
			name = Products;
			sourceTree = "<group>";
		};
		1928FEEA22E7855E0045E1F9 /* DigitalNews */ = {
			isa = PBXGroup;
			children = (
				1928FF0122E786590045E1F9 /* Views */,
				1928FF0022E786560045E1F9 /* Models */,
				1928FEFF22E7864E0045E1F9 /* Controllers */,
				1928FEFE22E786450045E1F9 /* Networking */,
				1928FEFD22E786400045E1F9 /* Resources */,
				1928FEED22E7855E0045E1F9 /* ViewController.swift */,
				1928FEEF22E7855E0045E1F9 /* Main.storyboard */,
			);
			path = DigitalNews;
			sourceTree = "<group>";
		};
		1928FEFD22E786400045E1F9 /* Resources */ = {
			isa = PBXGroup;
			children = (
				1928FEEB22E7855E0045E1F9 /* AppDelegate.swift */,
				1928FEF222E7855F0045E1F9 /* Assets.xcassets */,
				1928FEF422E7855F0045E1F9 /* LaunchScreen.storyboard */,
				1928FEF722E7855F0045E1F9 /* Info.plist */,
			);
			path = Resources;
			sourceTree = "<group>";
		};
		1928FEFE22E786450045E1F9 /* Networking */ = {
			isa = PBXGroup;
			children = (
				1928FF0222E7889C0045E1F9 /* API.swift */,
				19BB51CD22E7A34300438429 /* APIManager.swift */,
			);
			path = Networking;
			sourceTree = "<group>";
		};
		1928FEFF22E7864E0045E1F9 /* Controllers */ = {
			isa = PBXGroup;
			children = (
			);
			path = Controllers;
			sourceTree = "<group>";
		};
		1928FF0022E786560045E1F9 /* Models */ = {
			isa = PBXGroup;
			children = (
				1928FF0422E78A9A0045E1F9 /* News */,
			);
			path = Models;
			sourceTree = "<group>";
		};
		1928FF0122E786590045E1F9 /* Views */ = {
			isa = PBXGroup;
			children = (
				19A6FC9522F123AC00686EED /* FavoriteView */,
				19A6FC9022F1223A00686EED /* ConfigurationView */,
				19A6FC8F22F1222F00686EED /* SearchView */,
				19A6FC8E22F1222600686EED /* HomeView */,
				19A6FC8422F120E600686EED /* Login */,
			);
			path = Views;
			sourceTree = "<group>";
		};
		1928FF0422E78A9A0045E1F9 /* News */ = {
			isa = PBXGroup;
			children = (
				1928FF0522E78AB70045E1F9 /* NewsAPI.swift */,
				1928FF0822E78AC30045E1F9 /* Article.swift */,
				1928FF0A22E78ACA0045E1F9 /* Source.swift */,
			);
			path = News;
			sourceTree = "<group>";
		};
		19A6FC8422F120E600686EED /* Login */ = {
			isa = PBXGroup;
			children = (
				19A6FC8522F120F000686EED /* Login.storyboard */,
			);
			path = Login;
			sourceTree = "<group>";
		};
		19A6FC8E22F1222600686EED /* HomeView */ = {
			isa = PBXGroup;
			children = (
				19A6FC9A22F124D200686EED /* Home.storyboard */,
			);
			path = HomeView;
			sourceTree = "<group>";
		};
		19A6FC8F22F1222F00686EED /* SearchView */ = {
			isa = PBXGroup;
			children = (
				19A6FC9322F1237E00686EED /* Search.storyboard */,
			);
			path = SearchView;
			sourceTree = "<group>";
		};
		19A6FC9022F1223A00686EED /* ConfigurationView */ = {
			isa = PBXGroup;
			children = (
				19A6FC9122F1231E00686EED /* Configuration.storyboard */,
			);
			path = ConfigurationView;
			sourceTree = "<group>";
		};
		19A6FC9522F123AC00686EED /* FavoriteView */ = {
			isa = PBXGroup;
			children = (
				19A6FC9622F123DB00686EED /* FavoriteView.storyboard */,
			);
			path = FavoriteView;
			sourceTree = "<group>";
		};
		82B9BB849F555689B532115D /* Frameworks */ = {
			isa = PBXGroup;
			children = (
				B421D8B2A1AD13337F18CCC3 /* Pods_DigitalNews.framework */,
			);
			name = Frameworks;
			sourceTree = "<group>";
		};
/* End PBXGroup section */

/* Begin PBXNativeTarget section */
		1928FEE722E7855E0045E1F9 /* DigitalNews */ = {
			isa = PBXNativeTarget;
			buildConfigurationList = 1928FEFA22E7855F0045E1F9 /* Build configuration list for PBXNativeTarget "DigitalNews" */;
			buildPhases = (
				17B406F41578AFBB75C78091 /* [CP] Check Pods Manifest.lock */,
				1928FEE422E7855E0045E1F9 /* Sources */,
				1928FEE522E7855E0045E1F9 /* Frameworks */,
				1928FEE622E7855E0045E1F9 /* Resources */,
				1053E4B8084765FBE7E441F2 /* [CP] Embed Pods Frameworks */,
			);
			buildRules = (
			);
			dependencies = (
			);
			name = DigitalNews;
			productName = DigitalNews;
			productReference = 1928FEE822E7855E0045E1F9 /* DigitalNews.app */;
			productType = "com.apple.product-type.application";
		};
/* End PBXNativeTarget section */

/* Begin PBXProject section */
		1928FEE022E7855E0045E1F9 /* Project object */ = {
			isa = PBXProject;
			attributes = {
				LastSwiftUpdateCheck = 1020;
				LastUpgradeCheck = 1020;
				ORGANIZATIONNAME = "Giuliano Accorsi";
				TargetAttributes = {
					1928FEE722E7855E0045E1F9 = {
						CreatedOnToolsVersion = 10.2.1;
					};
				};
			};
			buildConfigurationList = 1928FEE322E7855E0045E1F9 /* Build configuration list for PBXProject "DigitalNews" */;
			compatibilityVersion = "Xcode 9.3";
			developmentRegion = en;
			hasScannedForEncodings = 0;
			knownRegions = (
				en,
				Base,
			);
			mainGroup = 1928FEDF22E7855E0045E1F9;
			productRefGroup = 1928FEE922E7855E0045E1F9 /* Products */;
			projectDirPath = "";
			projectRoot = "";
			targets = (
				1928FEE722E7855E0045E1F9 /* DigitalNews */,
			);
		};
/* End PBXProject section */

/* Begin PBXResourcesBuildPhase section */
		1928FEE622E7855E0045E1F9 /* Resources */ = {
			isa = PBXResourcesBuildPhase;
			buildActionMask = 2147483647;
			files = (
				19A6FC9722F123DB00686EED /* FavoriteView.storyboard in Resources */,
				19A6FC8622F120F000686EED /* Login.storyboard in Resources */,
				1928FEF622E7855F0045E1F9 /* LaunchScreen.storyboard in Resources */,
				19A6FC9B22F124D200686EED /* Home.storyboard in Resources */,
				19A6FC9222F1231E00686EED /* Configuration.storyboard in Resources */,
				19A6FC9422F1237E00686EED /* Search.storyboard in Resources */,
				1928FEF322E7855F0045E1F9 /* Assets.xcassets in Resources */,
				1928FEF122E7855E0045E1F9 /* Main.storyboard in Resources */,
			);
			runOnlyForDeploymentPostprocessing = 0;
		};
/* End PBXResourcesBuildPhase section */

/* Begin PBXShellScriptBuildPhase section */
		1053E4B8084765FBE7E441F2 /* [CP] Embed Pods Frameworks */ = {
			isa = PBXShellScriptBuildPhase;
			buildActionMask = 2147483647;
			files = (
			);
			inputPaths = (
				"${SRCROOT}/Pods/Target Support Files/Pods-DigitalNews/Pods-DigitalNews-frameworks.sh",
				"${BUILT_PRODUCTS_DIR}/Alamofire/Alamofire.framework",
			);
			name = "[CP] Embed Pods Frameworks";
			outputPaths = (
				"${TARGET_BUILD_DIR}/${FRAMEWORKS_FOLDER_PATH}/Alamofire.framework",
			);
			runOnlyForDeploymentPostprocessing = 0;
			shellPath = /bin/sh;
			shellScript = "\"${SRCROOT}/Pods/Target Support Files/Pods-DigitalNews/Pods-DigitalNews-frameworks.sh\"\n";
			showEnvVarsInLog = 0;
		};
		17B406F41578AFBB75C78091 /* [CP] Check Pods Manifest.lock */ = {
			isa = PBXShellScriptBuildPhase;
			buildActionMask = 2147483647;
			files = (
			);
			inputPaths = (
				"${PODS_PODFILE_DIR_PATH}/Podfile.lock",
				"${PODS_ROOT}/Manifest.lock",
			);
			name = "[CP] Check Pods Manifest.lock";
			outputPaths = (
				"$(DERIVED_FILE_DIR)/Pods-DigitalNews-checkManifestLockResult.txt",
			);
			runOnlyForDeploymentPostprocessing = 0;
			shellPath = /bin/sh;
			shellScript = "diff \"${PODS_PODFILE_DIR_PATH}/Podfile.lock\" \"${PODS_ROOT}/Manifest.lock\" > /dev/null\nif [ $? != 0 ] ; then\n    # print error to STDERR\n    echo \"error: The sandbox is not in sync with the Podfile.lock. Run 'pod install' or update your CocoaPods installation.\" >&2\n    exit 1\nfi\n# This output is used by Xcode 'outputs' to avoid re-running this script phase.\necho \"SUCCESS\" > \"${SCRIPT_OUTPUT_FILE_0}\"\n";
			showEnvVarsInLog = 0;
		};
/* End PBXShellScriptBuildPhase section */

/* Begin PBXSourcesBuildPhase section */
		1928FEE422E7855E0045E1F9 /* Sources */ = {
			isa = PBXSourcesBuildPhase;
			buildActionMask = 2147483647;
			files = (
				1928FEEE22E7855E0045E1F9 /* ViewController.swift in Sources */,
				1928FEEC22E7855E0045E1F9 /* AppDelegate.swift in Sources */,
				1928FF0B22E78ACA0045E1F9 /* Source.swift in Sources */,
				1928FF0622E78AB70045E1F9 /* NewsAPI.swift in Sources */,
				1928FF0322E7889C0045E1F9 /* API.swift in Sources */,
				1928FF0922E78AC30045E1F9 /* Article.swift in Sources */,
				19BB51CE22E7A34300438429 /* APIManager.swift in Sources */,
			);
			runOnlyForDeploymentPostprocessing = 0;
		};
/* End PBXSourcesBuildPhase section */

/* Begin PBXVariantGroup section */
		1928FEEF22E7855E0045E1F9 /* Main.storyboard */ = {
			isa = PBXVariantGroup;
			children = (
				1928FEF022E7855E0045E1F9 /* Base */,
			);
			name = Main.storyboard;
			sourceTree = "<group>";
		};
		1928FEF422E7855F0045E1F9 /* LaunchScreen.storyboard */ = {
			isa = PBXVariantGroup;
			children = (
				1928FEF522E7855F0045E1F9 /* Base */,
			);
			name = LaunchScreen.storyboard;
			sourceTree = "<group>";
		};
/* End PBXVariantGroup section */

/* Begin XCBuildConfiguration section */
		1928FEF822E7855F0045E1F9 /* Debug */ = {
			isa = XCBuildConfiguration;
			buildSettings = {
				ALWAYS_SEARCH_USER_PATHS = NO;
				CLANG_ANALYZER_NONNULL = YES;
				CLANG_ANALYZER_NUMBER_OBJECT_CONVERSION = YES_AGGRESSIVE;
				CLANG_CXX_LANGUAGE_STANDARD = "gnu++14";
				CLANG_CXX_LIBRARY = "libc++";
				CLANG_ENABLE_MODULES = YES;
				CLANG_ENABLE_OBJC_ARC = YES;
				CLANG_ENABLE_OBJC_WEAK = YES;
				CLANG_WARN_BLOCK_CAPTURE_AUTORELEASING = YES;
				CLANG_WARN_BOOL_CONVERSION = YES;
				CLANG_WARN_COMMA = YES;
				CLANG_WARN_CONSTANT_CONVERSION = YES;
				CLANG_WARN_DEPRECATED_OBJC_IMPLEMENTATIONS = YES;
				CLANG_WARN_DIRECT_OBJC_ISA_USAGE = YES_ERROR;
				CLANG_WARN_DOCUMENTATION_COMMENTS = YES;
				CLANG_WARN_EMPTY_BODY = YES;
				CLANG_WARN_ENUM_CONVERSION = YES;
				CLANG_WARN_INFINITE_RECURSION = YES;
				CLANG_WARN_INT_CONVERSION = YES;
				CLANG_WARN_NON_LITERAL_NULL_CONVERSION = YES;
				CLANG_WARN_OBJC_IMPLICIT_RETAIN_SELF = YES;
				CLANG_WARN_OBJC_LITERAL_CONVERSION = YES;
				CLANG_WARN_OBJC_ROOT_CLASS = YES_ERROR;
				CLANG_WARN_RANGE_LOOP_ANALYSIS = YES;
				CLANG_WARN_STRICT_PROTOTYPES = YES;
				CLANG_WARN_SUSPICIOUS_MOVE = YES;
				CLANG_WARN_UNGUARDED_AVAILABILITY = YES_AGGRESSIVE;
				CLANG_WARN_UNREACHABLE_CODE = YES;
				CLANG_WARN__DUPLICATE_METHOD_MATCH = YES;
				CODE_SIGN_IDENTITY = "iPhone Developer";
				COPY_PHASE_STRIP = NO;
				DEBUG_INFORMATION_FORMAT = dwarf;
				ENABLE_STRICT_OBJC_MSGSEND = YES;
				ENABLE_TESTABILITY = YES;
				GCC_C_LANGUAGE_STANDARD = gnu11;
				GCC_DYNAMIC_NO_PIC = NO;
				GCC_NO_COMMON_BLOCKS = YES;
				GCC_OPTIMIZATION_LEVEL = 0;
				GCC_PREPROCESSOR_DEFINITIONS = (
					"DEBUG=1",
					"$(inherited)",
				);
				GCC_WARN_64_TO_32_BIT_CONVERSION = YES;
				GCC_WARN_ABOUT_RETURN_TYPE = YES_ERROR;
				GCC_WARN_UNDECLARED_SELECTOR = YES;
				GCC_WARN_UNINITIALIZED_AUTOS = YES_AGGRESSIVE;
				GCC_WARN_UNUSED_FUNCTION = YES;
				GCC_WARN_UNUSED_VARIABLE = YES;
				IPHONEOS_DEPLOYMENT_TARGET = 12.2;
				MTL_ENABLE_DEBUG_INFO = INCLUDE_SOURCE;
				MTL_FAST_MATH = YES;
				ONLY_ACTIVE_ARCH = YES;
				SDKROOT = iphoneos;
				SWIFT_ACTIVE_COMPILATION_CONDITIONS = DEBUG;
				SWIFT_OPTIMIZATION_LEVEL = "-Onone";
			};
			name = Debug;
		};
		1928FEF922E7855F0045E1F9 /* Release */ = {
			isa = XCBuildConfiguration;
			buildSettings = {
				ALWAYS_SEARCH_USER_PATHS = NO;
				CLANG_ANALYZER_NONNULL = YES;
				CLANG_ANALYZER_NUMBER_OBJECT_CONVERSION = YES_AGGRESSIVE;
				CLANG_CXX_LANGUAGE_STANDARD = "gnu++14";
				CLANG_CXX_LIBRARY = "libc++";
				CLANG_ENABLE_MODULES = YES;
				CLANG_ENABLE_OBJC_ARC = YES;
				CLANG_ENABLE_OBJC_WEAK = YES;
				CLANG_WARN_BLOCK_CAPTURE_AUTORELEASING = YES;
				CLANG_WARN_BOOL_CONVERSION = YES;
				CLANG_WARN_COMMA = YES;
				CLANG_WARN_CONSTANT_CONVERSION = YES;
				CLANG_WARN_DEPRECATED_OBJC_IMPLEMENTATIONS = YES;
				CLANG_WARN_DIRECT_OBJC_ISA_USAGE = YES_ERROR;
				CLANG_WARN_DOCUMENTATION_COMMENTS = YES;
				CLANG_WARN_EMPTY_BODY = YES;
				CLANG_WARN_ENUM_CONVERSION = YES;
				CLANG_WARN_INFINITE_RECURSION = YES;
				CLANG_WARN_INT_CONVERSION = YES;
				CLANG_WARN_NON_LITERAL_NULL_CONVERSION = YES;
				CLANG_WARN_OBJC_IMPLICIT_RETAIN_SELF = YES;
				CLANG_WARN_OBJC_LITERAL_CONVERSION = YES;
				CLANG_WARN_OBJC_ROOT_CLASS = YES_ERROR;
				CLANG_WARN_RANGE_LOOP_ANALYSIS = YES;
				CLANG_WARN_STRICT_PROTOTYPES = YES;
				CLANG_WARN_SUSPICIOUS_MOVE = YES;
				CLANG_WARN_UNGUARDED_AVAILABILITY = YES_AGGRESSIVE;
				CLANG_WARN_UNREACHABLE_CODE = YES;
				CLANG_WARN__DUPLICATE_METHOD_MATCH = YES;
				CODE_SIGN_IDENTITY = "iPhone Developer";
				COPY_PHASE_STRIP = NO;
				DEBUG_INFORMATION_FORMAT = "dwarf-with-dsym";
				ENABLE_NS_ASSERTIONS = NO;
				ENABLE_STRICT_OBJC_MSGSEND = YES;
				GCC_C_LANGUAGE_STANDARD = gnu11;
				GCC_NO_COMMON_BLOCKS = YES;
				GCC_WARN_64_TO_32_BIT_CONVERSION = YES;
				GCC_WARN_ABOUT_RETURN_TYPE = YES_ERROR;
				GCC_WARN_UNDECLARED_SELECTOR = YES;
				GCC_WARN_UNINITIALIZED_AUTOS = YES_AGGRESSIVE;
				GCC_WARN_UNUSED_FUNCTION = YES;
				GCC_WARN_UNUSED_VARIABLE = YES;
				IPHONEOS_DEPLOYMENT_TARGET = 12.2;
				MTL_ENABLE_DEBUG_INFO = NO;
				MTL_FAST_MATH = YES;
				SDKROOT = iphoneos;
				SWIFT_COMPILATION_MODE = wholemodule;
				SWIFT_OPTIMIZATION_LEVEL = "-O";
				VALIDATE_PRODUCT = YES;
			};
			name = Release;
		};
		1928FEFB22E7855F0045E1F9 /* Debug */ = {
			isa = XCBuildConfiguration;
			baseConfigurationReference = B2D569F8E3B4D4B08E733FD4 /* Pods-DigitalNews.debug.xcconfig */;
			buildSettings = {
				ASSETCATALOG_COMPILER_APPICON_NAME = AppIcon;
				CODE_SIGN_STYLE = Automatic;
				DEVELOPMENT_TEAM = 56MT3P2HNL;
				INFOPLIST_FILE = "$(SRCROOT)/DigitalNews/Resources/Info.plist";
				LD_RUNPATH_SEARCH_PATHS = (
					"$(inherited)",
					"@executable_path/Frameworks",
				);
				PRODUCT_BUNDLE_IDENTIFIER = com.GiulianoAccorsi.DigitalNews;
				PRODUCT_NAME = "$(TARGET_NAME)";
				SWIFT_VERSION = 5.0;
				TARGETED_DEVICE_FAMILY = "1,2";
			};
			name = Debug;
		};
		1928FEFC22E7855F0045E1F9 /* Release */ = {
			isa = XCBuildConfiguration;
			baseConfigurationReference = FB5FCCD80BC6CF9BCD85502E /* Pods-DigitalNews.release.xcconfig */;
			buildSettings = {
				ASSETCATALOG_COMPILER_APPICON_NAME = AppIcon;
				CODE_SIGN_STYLE = Automatic;
				DEVELOPMENT_TEAM = 56MT3P2HNL;
				INFOPLIST_FILE = "$(SRCROOT)/DigitalNews/Resources/Info.plist";
				LD_RUNPATH_SEARCH_PATHS = (
					"$(inherited)",
					"@executable_path/Frameworks",
				);
				PRODUCT_BUNDLE_IDENTIFIER = com.GiulianoAccorsi.DigitalNews;
				PRODUCT_NAME = "$(TARGET_NAME)";
				SWIFT_VERSION = 5.0;
				TARGETED_DEVICE_FAMILY = "1,2";
			};
			name = Release;
		};
/* End XCBuildConfiguration section */

/* Begin XCConfigurationList section */
		1928FEE322E7855E0045E1F9 /* Build configuration list for PBXProject "DigitalNews" */ = {
			isa = XCConfigurationList;
			buildConfigurations = (
				1928FEF822E7855F0045E1F9 /* Debug */,
				1928FEF922E7855F0045E1F9 /* Release */,
			);
			defaultConfigurationIsVisible = 0;
			defaultConfigurationName = Release;
		};
		1928FEFA22E7855F0045E1F9 /* Build configuration list for PBXNativeTarget "DigitalNews" */ = {
			isa = XCConfigurationList;
			buildConfigurations = (
				1928FEFB22E7855F0045E1F9 /* Debug */,
				1928FEFC22E7855F0045E1F9 /* Release */,
			);
			defaultConfigurationIsVisible = 0;
			defaultConfigurationName = Release;
		};
/* End XCConfigurationList section */
	};
	rootObject = 1928FEE022E7855E0045E1F9 /* Project object */;
}
